Microsoft Visual Studio Solution File, Format Version 12.00
# Visual Studio Version 17
VisualStudioVersion = 17.5.2.0
MinimumVisualStudioVersion = 10.0.40219.1
Project("{FAE04EC0-301F-11D3-BF4B-00C04F79EFBC}") = "Recap_Jan_26", "Recap_Jan_26.csproj", "{91CF74A5-73D2-C07F-ABCF-C8462B79EE70}"
EndProject
Global
	GlobalSection(SolutionConfigurationPlatforms) = preSolution
		Debug|Any CPU = Debug|Any CPU
		Release|Any CPU = Release|Any CPU
	EndGlobalSection
	GlobalSection(ProjectConfigurationPlatforms) = postSolution
		{91CF74A5-73D2-C07F-ABCF-C8462B79EE70}.Debug|Any CPU.ActiveCfg = Debug|Any CPU
		{91CF74A5-73D2-C07F-ABCF-C8462B79EE70}.Debug|Any CPU.Build.0 = Debug|Any CPU
		{91CF74A5-73D2-C07F-ABCF-C8462B79EE70}.Release|Any CPU.ActiveCfg = Release|Any CPU
		{91CF74A5-73D2-C07F-ABCF-C8462B79EE70}.Release|Any CPU.Build.0 = Release|Any CPU
	EndGlobalSection
	GlobalSection(SolutionProperties) = preSolution
		HideSolutionNode = FALSE
	EndGlobalSection
	GlobalSection(ExtensibilityGlobals) = postSolution
		SolutionGuid = {CBB218B2-C0EF-4BCF-BBF7-E3A0E1434852}
	EndGlobalSection
EndGlobal
